
Microsoft Visual Studio Solution File, Format Version 12.00
# Visual Studio 2012
Project("{8BC9CEB8-8B4A-11D0-8D11-00A0C91BC942}") = "ejercicio 1-3", "ejercicio 1-3\ejercicio 1-3.vcxproj", "{D0ABBDB6-117C-4027-BE1A-1DC3F2B7E1C2}"
EndProject
Global
	GlobalSection(SolutionConfigurationPlatforms) = preSolution
		Debug|Win32 = Debug|Win32
		Release|Win32 = Release|Win32
	EndGlobalSection
	GlobalSection(ProjectConfigurationPlatforms) = postSolution
		{D0ABBDB6-117C-4027-BE1A-1DC3F2B7E1C2}.Debug|Win32.ActiveCfg = Debug|Win32
		{D0ABBDB6-117C-4027-BE1A-1DC3F2B7E1C2}.Debug|Win32.Build.0 = Debug|Win32
		{D0ABBDB6-117C-4027-BE1A-1DC3F2B7E1C2}.Release|Win32.ActiveCfg = Release|Win32
		{D0ABBDB6-117C-4027-BE1A-1DC3F2B7E1C2}.Release|Win32.Build.0 = Release|Win32
	EndGlobalSection
	GlobalSection(SolutionProperties) = preSolution
		HideSolutionNode = FALSE
	EndGlobalSection
EndGlobal
